Microsoft Visual Studio Solution File, Format Version 12.00
# Visual Studio Version 17
VisualStudioVersion = 17.5.2.0
MinimumVisualStudioVersion = 10.0.40219.1
Project("{FAE04EC0-301F-11D3-BF4B-00C04F79EFBC}") = "algorithms-data-structures", "algorithms-data-structures.csproj", "{299088A0-F4F5-4782-450C-40186E1C9081}"
EndProject
Global
	GlobalSection(SolutionConfigurationPlatforms) = preSolution
		Debug|Any CPU = Debug|Any CPU
		Release|Any CPU = Release|Any CPU
	EndGlobalSection
	GlobalSection(ProjectConfigurationPlatforms) = postSolution
		{299088A0-F4F5-4782-450C-40186E1C9081}.Debug|Any CPU.ActiveCfg = Debug|Any CPU
		{299088A0-F4F5-4782-450C-40186E1C9081}.Debug|Any CPU.Build.0 = Debug|Any CPU
		{299088A0-F4F5-4782-450C-40186E1C9081}.Release|Any CPU.ActiveCfg = Release|Any CPU
		{299088A0-F4F5-4782-450C-40186E1C9081}.Release|Any CPU.Build.0 = Release|Any CPU
	EndGlobalSection
	GlobalSection(SolutionProperties) = preSolution
		HideSolutionNode = FALSE
	EndGlobalSection
	GlobalSection(ExtensibilityGlobals) = postSolution
		SolutionGuid = {47BB67D2-D328-4C3D-9D6D-A4367E24779D}
	EndGlobalSection
EndGlobal
